// !$*UTF8*$!
{
	archiveVersion = 1;
	classes = {
	};
	objectVersion = 60;
	objects = {

/* Begin PBXBuildFile section */
		A1B2C3D4E5F600000000000F /* answer_xApp.swift in Sources */ = {isa = PBXBuildFile; fileRef = A1B2C3D4E5F600000000000B /* answer_xApp.swift */; };
		A1B2C3D4E5F6000000000010 /* ContentView.swift in Sources */ = {isa = PBXBuildFile; fileRef = A1B2C3D4E5F600000000000C /* ContentView.swift */; };
		A1B2C3D4E5F600000000001B /* OracleTheme.swift in Sources */ = {isa = PBXBuildFile; fileRef = A1B2C3D4E5F600000000001E /* OracleTheme.swift */; };
		A1B2C3D4E5F600000000001C /* OracleTypography.swift in Sources */ = {isa = PBXBuildFile; fileRef = A1B2C3D4E5F600000000001F /* OracleTypography.swift */; };
		A1B2C3D4E5F600000000001D /* OracleComponents.swift in Sources */ = {isa = PBXBuildFile; fileRef = A1B2C3D4E5F6000000000020 /* OracleComponents.swift */; };
		A1B2C3D4E5F600000000002A /* OracleGatewayType.swift in Sources */ = {isa = PBXBuildFile; fileRef = A1B2C3D4E5F600000000002B /* OracleGatewayType.swift */; };
		A1B2C3D4E5F600000000002C /* AnswerDetailView.swift in Sources */ = {isa = PBXBuildFile; fileRef = A1B2C3D4E5F600000000002D /* AnswerDetailView.swift */; };
		A1B2C3D4E5F6000000000033 /* AnswerResultView.swift in Sources */ = {isa = PBXBuildFile; fileRef = A1B2C3D4E5F6000000000034 /* AnswerResultView.swift */; };
		A1B2C3D4E5F6000000000039 /* AnswerTransitionView.swift in Sources */ = {isa = PBXBuildFile; fileRef = A1B2C3D4E5F600000000003A /* AnswerTransitionView.swift */; };
		A1B2C3D4E5F600000000003F /* Assets.xcassets in Resources */ = {isa = PBXBuildFile; fileRef = A1B2C3D4E5F600000000000D /* Assets.xcassets */; };
		A1B2C3D4E5F6000000000041 /* LaunchScreen.storyboard in Resources */ = {isa = PBXBuildFile; fileRef = A1B2C3D4E5F6000000000040 /* LaunchScreen.storyboard */; };
		A1B2C3D4E5F6000000000042 /* OracleHistoryStore.swift in Sources */ = {isa = PBXBuildFile; fileRef = A1B2C3D4E5F6000000000043 /* OracleHistoryStore.swift */; };
		A1B2C3D4E5F6000000000044 /* OracleFavoritesStore.swift in Sources */ = {isa = PBXBuildFile; fileRef = A1B2C3D4E5F6000000000045 /* OracleFavoritesStore.swift */; };
/* End PBXBuildFile section */

/* Begin PBXFileReference section */
		A1B2C3D4E5F6000000000007 /* answer_x.app */ = {isa = PBXFileReference; explicitFileType = wrapper.application; includeInIndex = 0; path = answer_x.app; sourceTree = BUILT_PRODUCTS_DIR; };
		A1B2C3D4E5F600000000000B /* answer_xApp.swift */ = {isa = PBXFileReference; lastKnownFileType = sourcecode.swift; path = answer_xApp.swift; sourceTree = "<group>"; };
		A1B2C3D4E5F600000000000C /* ContentView.swift */ = {isa = PBXFileReference; lastKnownFileType = sourcecode.swift; path = ContentView.swift; sourceTree = "<group>"; };
		A1B2C3D4E5F600000000000D /* Assets.xcassets */ = {isa = PBXFileReference; lastKnownFileType = folder.assetcatalog; path = Assets.xcassets; sourceTree = "<group>"; };
		A1B2C3D4E5F600000000000E /* Preview Assets.xcassets */ = {isa = PBXFileReference; lastKnownFileType = folder.assetcatalog; path = "Preview Assets.xcassets"; sourceTree = "<group>"; };
		A1B2C3D4E5F6000000000019 /* DESIGN.md */ = {isa = PBXFileReference; lastKnownFileType = net.daringfireball.markdown; path = DESIGN.md; sourceTree = "<group>"; };
		A1B2C3D4E5F600000000001E /* OracleTheme.swift */ = {isa = PBXFileReference; lastKnownFileType = sourcecode.swift; path = OracleTheme.swift; sourceTree = "<group>"; };
		A1B2C3D4E5F600000000001F /* OracleTypography.swift */ = {isa = PBXFileReference; lastKnownFileType = sourcecode.swift; path = OracleTypography.swift; sourceTree = "<group>"; };
		A1B2C3D4E5F6000000000020 /* OracleComponents.swift */ = {isa = PBXFileReference; lastKnownFileType = sourcecode.swift; path = OracleComponents.swift; sourceTree = "<group>"; };
		A1B2C3D4E5F6000000000023 /* code.html */ = {isa = PBXFileReference; lastKnownFileType = text.html; path = code.html; sourceTree = "<group>"; };
		A1B2C3D4E5F6000000000024 /* screen.png */ = {isa = PBXFileReference; lastKnownFileType = image.png; path = screen.png; sourceTree = "<group>"; };
		A1B2C3D4E5F6000000000026 /* DESIGN.md */ = {isa = PBXFileReference; lastKnownFileType = net.daringfireball.markdown; path = DESIGN.md; sourceTree = "<group>"; };
		A1B2C3D4E5F6000000000027 /* code.html */ = {isa = PBXFileReference; lastKnownFileType = text.html; path = code.html; sourceTree = "<group>"; };
		A1B2C3D4E5F6000000000028 /* screen.png */ = {isa = PBXFileReference; lastKnownFileType = image.png; path = screen.png; sourceTree = "<group>"; };
		A1B2C3D4E5F600000000002B /* OracleGatewayType.swift */ = {isa = PBXFileReference; lastKnownFileType = sourcecode.swift; path = OracleGatewayType.swift; sourceTree = "<group>"; };
		A1B2C3D4E5F600000000002D /* AnswerDetailView.swift */ = {isa = PBXFileReference; lastKnownFileType = sourcecode.swift; path = AnswerDetailView.swift; sourceTree = "<group>"; };
		A1B2C3D4E5F600000000002E /* DESIGN.md */ = {isa = PBXFileReference; lastKnownFileType = net.daringfireball.markdown; path = DESIGN.md; sourceTree = "<group>"; };
		A1B2C3D4E5F600000000002F /* code.html */ = {isa = PBXFileReference; lastKnownFileType = text.html; path = code.html; sourceTree = "<group>"; };
		A1B2C3D4E5F6000000000030 /* screen.png */ = {isa = PBXFileReference; lastKnownFileType = image.png; path = screen.png; sourceTree = "<group>"; };
		A1B2C3D4E5F6000000000031 /* void-cards-reference.png */ = {isa = PBXFileReference; lastKnownFileType = image.png; path = "void-cards-reference.png"; sourceTree = "<group>"; };
		A1B2C3D4E5F6000000000034 /* AnswerResultView.swift */ = {isa = PBXFileReference; lastKnownFileType = sourcecode.swift; path = AnswerResultView.swift; sourceTree = "<group>"; };
		A1B2C3D4E5F6000000000035 /* DESIGN.md */ = {isa = PBXFileReference; lastKnownFileType = net.daringfireball.markdown; path = DESIGN.md; sourceTree = "<group>"; };
		A1B2C3D4E5F6000000000036 /* code.html */ = {isa = PBXFileReference; lastKnownFileType = text.html; path = code.html; sourceTree = "<group>"; };
		A1B2C3D4E5F6000000000037 /* screen.png */ = {isa = PBXFileReference; lastKnownFileType = image.png; path = screen.png; sourceTree = "<group>"; };
		A1B2C3D4E5F600000000003A /* AnswerTransitionView.swift */ = {isa = PBXFileReference; lastKnownFileType = sourcecode.swift; path = AnswerTransitionView.swift; sourceTree = "<group>"; };
		A1B2C3D4E5F600000000003B /* DESIGN.md */ = {isa = PBXFileReference; lastKnownFileType = net.daringfireball.markdown; path = DESIGN.md; sourceTree = "<group>"; };
		A1B2C3D4E5F600000000003C /* code.html */ = {isa = PBXFileReference; lastKnownFileType = text.html; path = code.html; sourceTree = "<group>"; };
		A1B2C3D4E5F600000000003D /* screen.png */ = {isa = PBXFileReference; lastKnownFileType = image.png; path = screen.png; sourceTree = "<group>"; };
		A1B2C3D4E5F6000000000040 /* LaunchScreen.storyboard */ = {isa = PBXFileReference; lastKnownFileType = file.storyboard; path = LaunchScreen.storyboard; sourceTree = "<group>"; };
		A1B2C3D4E5F6000000000043 /* OracleHistoryStore.swift */ = {isa = PBXFileReference; lastKnownFileType = sourcecode.swift; path = OracleHistoryStore.swift; sourceTree = "<group>"; };
		A1B2C3D4E5F6000000000045 /* OracleFavoritesStore.swift */ = {isa = PBXFileReference; lastKnownFileType = sourcecode.swift; path = OracleFavoritesStore.swift; sourceTree = "<group>"; };
/* End PBXFileReference section */

/* Begin PBXFrameworksBuildPhase section */
		A1B2C3D4E5F6000000000009 /* Frameworks */ = {
			isa = PBXFrameworksBuildPhase;
			buildActionMask = 2147483647;
			files = (
			);
			runOnlyForDeploymentPostprocessing = 0;
		};
/* End PBXFrameworksBuildPhase section */

/* Begin PBXGroup section */
		A1B2C3D4E5F6000000000002 = {
			isa = PBXGroup;
			children = (
				A1B2C3D4E5F6000000000004 /* answer_x */,
				A1B2C3D4E5F600000000001A /* Docs */,
				A1B2C3D4E5F6000000000003 /* Products */,
			);
			sourceTree = "<group>";
		};
		A1B2C3D4E5F6000000000003 /* Products */ = {
			isa = PBXGroup;
			children = (
				A1B2C3D4E5F6000000000007 /* answer_x.app */,
			);
			name = Products;
			sourceTree = "<group>";
		};
		A1B2C3D4E5F6000000000004 /* answer_x */ = {
			isa = PBXGroup;
			children = (
				A1B2C3D4E5F600000000000B /* answer_xApp.swift */,
				A1B2C3D4E5F6000000000040 /* LaunchScreen.storyboard */,
				A1B2C3D4E5F600000000000C /* ContentView.swift */,
				A1B2C3D4E5F6000000000043 /* OracleHistoryStore.swift */,
				A1B2C3D4E5F6000000000045 /* OracleFavoritesStore.swift */,
				A1B2C3D4E5F600000000002B /* OracleGatewayType.swift */,
				A1B2C3D4E5F600000000002D /* AnswerDetailView.swift */,
				A1B2C3D4E5F6000000000034 /* AnswerResultView.swift */,
				A1B2C3D4E5F600000000003A /* AnswerTransitionView.swift */,
				A1B2C3D4E5F6000000000021 /* DesignSystem */,
				A1B2C3D4E5F600000000000D /* Assets.xcassets */,
				A1B2C3D4E5F6000000000005 /* Preview Content */,
			);
			path = answer_x;
			sourceTree = "<group>";
		};
		A1B2C3D4E5F6000000000005 /* Preview Content */ = {
			isa = PBXGroup;
			children = (
				A1B2C3D4E5F600000000000E /* Preview Assets.xcassets */,
			);
			path = "Preview Content";
			sourceTree = "<group>";
		};
		A1B2C3D4E5F600000000001A /* Docs */ = {
			isa = PBXGroup;
			children = (
				A1B2C3D4E5F6000000000019 /* DESIGN.md */,
				A1B2C3D4E5F6000000000025 /* ReferenceMaterial */,
			);
			path = Docs;
			sourceTree = "<group>";
		};
		A1B2C3D4E5F6000000000021 /* DesignSystem */ = {
			isa = PBXGroup;
			children = (
				A1B2C3D4E5F600000000001E /* OracleTheme.swift */,
				A1B2C3D4E5F600000000001F /* OracleTypography.swift */,
				A1B2C3D4E5F6000000000020 /* OracleComponents.swift */,
			);
			path = DesignSystem;
			sourceTree = "<group>";
		};
		A1B2C3D4E5F6000000000025 /* ReferenceMaterial */ = {
			isa = PBXGroup;
			children = (
				A1B2C3D4E5F6000000000023 /* code.html */,
				A1B2C3D4E5F6000000000024 /* screen.png */,
				A1B2C3D4E5F6000000000032 /* AnswerDetail */,
				A1B2C3D4E5F600000000003E /* AnswerTransition */,
				A1B2C3D4E5F6000000000038 /* AnswerResult */,
				A1B2C3D4E5F6000000000029 /* VoidTab */,
			);
			path = ReferenceMaterial;
			sourceTree = "<group>";
		};
		A1B2C3D4E5F6000000000029 /* VoidTab */ = {
			isa = PBXGroup;
			children = (
				A1B2C3D4E5F6000000000026 /* DESIGN.md */,
				A1B2C3D4E5F6000000000027 /* code.html */,
				A1B2C3D4E5F6000000000028 /* screen.png */,
			);
			path = VoidTab;
			sourceTree = "<group>";
		};
		A1B2C3D4E5F6000000000032 /* AnswerDetail */ = {
			isa = PBXGroup;
			children = (
				A1B2C3D4E5F600000000002E /* DESIGN.md */,
				A1B2C3D4E5F600000000002F /* code.html */,
				A1B2C3D4E5F6000000000030 /* screen.png */,
				A1B2C3D4E5F6000000000031 /* void-cards-reference.png */,
			);
			path = AnswerDetail;
			sourceTree = "<group>";
		};
		A1B2C3D4E5F6000000000038 /* AnswerResult */ = {
			isa = PBXGroup;
			children = (
				A1B2C3D4E5F6000000000035 /* DESIGN.md */,
				A1B2C3D4E5F6000000000036 /* code.html */,
				A1B2C3D4E5F6000000000037 /* screen.png */,
			);
			path = AnswerResult;
			sourceTree = "<group>";
		};
		A1B2C3D4E5F600000000003E /* AnswerTransition */ = {
			isa = PBXGroup;
			children = (
				A1B2C3D4E5F600000000003B /* DESIGN.md */,
				A1B2C3D4E5F600000000003C /* code.html */,
				A1B2C3D4E5F600000000003D /* screen.png */,
			);
			path = AnswerTransition;
			sourceTree = "<group>";
		};
/* End PBXGroup section */

/* Begin PBXNativeTarget section */
		A1B2C3D4E5F6000000000006 /* answer_x */ = {
			isa = PBXNativeTarget;
			buildConfigurationList = A1B2C3D4E5F6000000000014 /* Build configuration list for PBXNativeTarget "answer_x" */;
			buildPhases = (
				A1B2C3D4E5F6000000000008 /* Sources */,
				A1B2C3D4E5F6000000000009 /* Frameworks */,
				A1B2C3D4E5F600000000000A /* Resources */,
			);
			buildRules = (
			);
			dependencies = (
			);
			name = answer_x;
			packageProductDependencies = (
			);
			productName = answer_x;
			productReference = A1B2C3D4E5F6000000000007 /* answer_x.app */;
			productType = "com.apple.product-type.application";
		};
/* End PBXNativeTarget section */

/* Begin PBXProject section */
		A1B2C3D4E5F6000000000001 /* Project object */ = {
			isa = PBXProject;
			attributes = {
				BuildIndependentTargetsInParallel = 1;
				LastSwiftUpdateCheck = 2600;
				LastUpgradeCheck = 2600;
				TargetAttributes = {
					A1B2C3D4E5F6000000000006 = {
						CreatedOnToolsVersion = 26.4;
					};
				};
			};
			buildConfigurationList = A1B2C3D4E5F6000000000013 /* Build configuration list for PBXProject "answer_x" */;
			compatibilityVersion = "Xcode 15.0";
			developmentRegion = en;
			hasScannedForEncodings = 0;
			knownRegions = (
				en,
				Base,
			);
			mainGroup = A1B2C3D4E5F6000000000002;
			productRefGroup = A1B2C3D4E5F6000000000003 /* Products */;
			projectDirPath = "";
			projectRoot = "";
			targets = (
				A1B2C3D4E5F6000000000006 /* answer_x */,
			);
		};
/* End PBXProject section */

/* Begin PBXResourcesBuildPhase section */
		A1B2C3D4E5F600000000000A /* Resources */ = {
			isa = PBXResourcesBuildPhase;
			buildActionMask = 2147483647;
			files = (
				A1B2C3D4E5F6000000000041 /* LaunchScreen.storyboard in Resources */,
				A1B2C3D4E5F600000000003F /* Assets.xcassets in Resources */,
			);
			runOnlyForDeploymentPostprocessing = 0;
		};
/* End PBXResourcesBuildPhase section */

/* Begin PBXSourcesBuildPhase section */
		A1B2C3D4E5F6000000000008 /* Sources */ = {
			isa = PBXSourcesBuildPhase;
			buildActionMask = 2147483647;
			files = (
				A1B2C3D4E5F600000000001B /* OracleTheme.swift in Sources */,
				A1B2C3D4E5F600000000001C /* OracleTypography.swift in Sources */,
				A1B2C3D4E5F600000000001D /* OracleComponents.swift in Sources */,
				A1B2C3D4E5F6000000000042 /* OracleHistoryStore.swift in Sources */,
				A1B2C3D4E5F6000000000044 /* OracleFavoritesStore.swift in Sources */,
				A1B2C3D4E5F600000000002A /* OracleGatewayType.swift in Sources */,
				A1B2C3D4E5F600000000002C /* AnswerDetailView.swift in Sources */,
				A1B2C3D4E5F6000000000033 /* AnswerResultView.swift in Sources */,
				A1B2C3D4E5F6000000000039 /* AnswerTransitionView.swift in Sources */,
				A1B2C3D4E5F600000000000F /* answer_xApp.swift in Sources */,
				A1B2C3D4E5F6000000000010 /* ContentView.swift in Sources */,
			);
			runOnlyForDeploymentPostprocessing = 0;
		};
/* End PBXSourcesBuildPhase section */

/* Begin XCBuildConfiguration section */
		A1B2C3D4E5F6000000000015 /* Debug */ = {
			isa = XCBuildConfiguration;
			buildSettings = {
				ALWAYS_SEARCH_USER_PATHS = NO;
				CLANG_ANALYZER_NONNULL = YES;
				CLANG_ANALYZER_NUMBER_OBJECT_CONVERSION = YES_AGGRESSIVE;
				CLANG_CXX_LANGUAGE_STANDARD = "gnu++20";
				CLANG_ENABLE_MODULES = YES;
				CLANG_ENABLE_OBJC_ARC = YES;
				CLANG_WARN_BLOCK_CAPTURE_AUTORELEASING = YES;
				CLANG_WARN_BOOL_CONVERSION = YES;
				CLANG_WARN_COMMA = YES;
				CLANG_WARN_CONSTANT_CONVERSION = YES;
				CLANG_WARN_DEPRECATED_OBJC_IMPLEMENTATIONS = YES;
				CLANG_WARN_DIRECT_OBJC_ISA_USAGE = YES_ERROR;
				CLANG_WARN_DOCUMENTATION_COMMENTS = YES;
				CLANG_WARN_EMPTY_BODY = YES;
				CLANG_WARN_ENUM_CONVERSION = YES;
				CLANG_WARN_INFINITE_RECURSION = YES;
				CLANG_WARN_INT_CONVERSION = YES;
				CLANG_WARN_NON_LITERAL_NULL_CONVERSION = YES;
				CLANG_WARN_OBJC_IMPLICIT_RETAIN_SELF = YES;
				CLANG_WARN_OBJC_LITERAL_CONVERSION = YES;
				CLANG_WARN_OBJC_ROOT_CLASS = YES_ERROR;
				CLANG_WARN_QUOTED_INCLUDE_IN_FRAMEWORK_HEADER = YES;
				CLANG_WARN_RANGE_LOOP_ANALYSIS = YES;
				CLANG_WARN_STRICT_PROTOTYPES = YES;
				CLANG_WARN_SUSPICIOUS_MOVE = YES;
				CLANG_WARN_UNGUARDED_AVAILABILITY = YES_AGGRESSIVE;
				CLANG_WARN_UNREACHABLE_CODE = YES;
				CLANG_WARN__DUPLICATE_METHOD_MATCH = YES;
				COPY_PHASE_STRIP = NO;
				DEBUG_INFORMATION_FORMAT = dwarf;
				ENABLE_STRICT_OBJC_MSGSEND = YES;
				ENABLE_TESTABILITY = YES;
				GCC_C_LANGUAGE_STANDARD = gnu17;
				GCC_DYNAMIC_NO_PIC = NO;
				GCC_NO_COMMON_BLOCKS = YES;
				GCC_OPTIMIZATION_LEVEL = 0;
				GCC_PREPROCESSOR_DEFINITIONS = (
					"DEBUG=1",
					"$(inherited)",
				);
				GCC_WARN_64_TO_32_BIT_CONVERSION = YES;
				GCC_WARN_ABOUT_RETURN_TYPE = YES_ERROR;
				GCC_WARN_UNDECLARED_SELECTOR = YES;
				GCC_WARN_UNINITIALIZED_AUTOS = YES_AGGRESSIVE;
				GCC_WARN_UNUSED_FUNCTION = YES;
				GCC_WARN_UNUSED_VARIABLE = YES;
				MTL_ENABLE_DEBUG_INFO = INCLUDE_SOURCE;
				MTL_FAST_MATH = YES;
				ONLY_ACTIVE_ARCH = YES;
				SDKROOT = iphoneos;
				SWIFT_ACTIVE_COMPILATION_CONDITIONS = DEBUG;
				SWIFT_OPTIMIZATION_LEVEL = "-Onone";
			};
			name = Debug;
		};
		A1B2C3D4E5F6000000000016 /* Release */ = {
			isa = XCBuildConfiguration;
			buildSettings = {
				ALWAYS_SEARCH_USER_PATHS = NO;
				CLANG_ANALYZER_NONNULL = YES;
				CLANG_ANALYZER_NUMBER_OBJECT_CONVERSION = YES_AGGRESSIVE;
				CLANG_CXX_LANGUAGE_STANDARD = "gnu++20";
				CLANG_ENABLE_MODULES = YES;
				CLANG_ENABLE_OBJC_ARC = YES;
				CLANG_WARN_BLOCK_CAPTURE_AUTORELEASING = YES;
				CLANG_WARN_BOOL_CONVERSION = YES;
				CLANG_WARN_COMMA = YES;
				CLANG_WARN_CONSTANT_CONVERSION = YES;
				CLANG_WARN_DEPRECATED_OBJC_IMPLEMENTATIONS = YES;
				CLANG_WARN_DIRECT_OBJC_ISA_USAGE = YES_ERROR;
				CLANG_WARN_DOCUMENTATION_COMMENTS = YES;
				CLANG_WARN_EMPTY_BODY = YES;
				CLANG_WARN_ENUM_CONVERSION = YES;
				CLANG_WARN_INFINITE_RECURSION = YES;
				CLANG_WARN_INT_CONVERSION = YES;
				CLANG_WARN_NON_LITERAL_NULL_CONVERSION = YES;
				CLANG_WARN_OBJC_IMPLICIT_RETAIN_SELF = YES;
				CLANG_WARN_OBJC_LITERAL_CONVERSION = YES;
				CLANG_WARN_OBJC_ROOT_CLASS = YES_ERROR;
				CLANG_WARN_QUOTED_INCLUDE_IN_FRAMEWORK_HEADER = YES;
				CLANG_WARN_RANGE_LOOP_ANALYSIS = YES;
				CLANG_WARN_STRICT_PROTOTYPES = YES;
				CLANG_WARN_SUSPICIOUS_MOVE = YES;
				CLANG_WARN_UNGUARDED_AVAILABILITY = YES_AGGRESSIVE;
				CLANG_WARN_UNREACHABLE_CODE = YES;
				CLANG_WARN__DUPLICATE_METHOD_MATCH = YES;
				COPY_PHASE_STRIP = NO;
				DEBUG_INFORMATION_FORMAT = "dwarf-with-dsym";
				ENABLE_NS_ASSERTIONS = NO;
				ENABLE_STRICT_OBJC_MSGSEND = YES;
				GCC_C_LANGUAGE_STANDARD = gnu17;
				GCC_NO_COMMON_BLOCKS = YES;
				GCC_WARN_64_TO_32_BIT_CONVERSION = YES;
				GCC_WARN_ABOUT_RETURN_TYPE = YES_ERROR;
				GCC_WARN_UNDECLARED_SELECTOR = YES;
				GCC_WARN_UNINITIALIZED_AUTOS = YES_AGGRESSIVE;
				GCC_WARN_UNUSED_FUNCTION = YES;
				GCC_WARN_UNUSED_VARIABLE = YES;
				MTL_ENABLE_DEBUG_INFO = NO;
				MTL_FAST_MATH = YES;
				SDKROOT = iphoneos;
				SWIFT_COMPILATION_MODE = wholemodule;
			};
			name = Release;
		};
		A1B2C3D4E5F6000000000017 /* Debug */ = {
			isa = XCBuildConfiguration;
			buildSettings = {
				ASSETCATALOG_COMPILER_APPICON_NAME = AppIcon;
				ASSETCATALOG_COMPILER_GLOBAL_ACCENT_COLOR_NAME = AccentColor;
				CODE_SIGN_STYLE = Automatic;
				CURRENT_PROJECT_VERSION = 1;
				DEVELOPMENT_ASSET_PATHS = "\"answer_x/Preview Content\"";
				DEVELOPMENT_TEAM = Y9TBPUJMQR;
				ENABLE_PREVIEWS = YES;
				GENERATE_INFOPLIST_FILE = YES;
				INFOPLIST_KEY_CFBundleDisplayName = AnswerX;
				INFOPLIST_KEY_NSPhotoLibraryAddUsageDescription = "AnswerX saves oracle poster images to your photo library.";
				INFOPLIST_KEY_UIApplicationSupportsIndirectInputEvents = YES;
				INFOPLIST_KEY_UILaunchScreen_Generation = NO;
				INFOPLIST_KEY_UILaunchStoryboardName = LaunchScreen;
				INFOPLIST_KEY_UIStatusBarStyle = UIStatusBarStyleDarkContent;
				INFOPLIST_KEY_UISupportedInterfaceOrientations = UIInterfaceOrientationPortrait;
				IPHONEOS_DEPLOYMENT_TARGET = 17.0;
				LD_RUNPATH_SEARCH_PATHS = (
					"$(inherited)",
					"@executable_path/Frameworks",
				);
				MARKETING_VERSION = 1.0;
				PRODUCT_BUNDLE_IDENTIFIER = com.example.answerx;
				PRODUCT_NAME = "$(TARGET_NAME)";
				SDKROOT = iphoneos;
				SUPPORTED_PLATFORMS = "iphoneos iphonesimulator xros xrsimulator";
				SUPPORTS_MACCATALYST = NO;
				SUPPORTS_XR_DESIGNED_FOR_IPHONE_IPAD = NO;
				SWIFT_EMIT_LOC_STRINGS = YES;
				SWIFT_VERSION = 5.0;
				TARGETED_DEVICE_FAMILY = "1,2,7";
			};
			name = Debug;
		};
		A1B2C3D4E5F6000000000018 /* Release */ = {
			isa = XCBuildConfiguration;
			buildSettings = {
				ASSETCATALOG_COMPILER_APPICON_NAME = AppIcon;
				ASSETCATALOG_COMPILER_GLOBAL_ACCENT_COLOR_NAME = AccentColor;
				CODE_SIGN_STYLE = Automatic;
				CURRENT_PROJECT_VERSION = 1;
				DEVELOPMENT_ASSET_PATHS = "\"answer_x/Preview Content\"";
				DEVELOPMENT_TEAM = Y9TBPUJMQR;
				ENABLE_PREVIEWS = YES;
				GENERATE_INFOPLIST_FILE = YES;
				INFOPLIST_KEY_CFBundleDisplayName = AnswerX;
				INFOPLIST_KEY_NSPhotoLibraryAddUsageDescription = "AnswerX saves oracle poster images to your photo library.";
				INFOPLIST_KEY_UIApplicationSupportsIndirectInputEvents = YES;
				INFOPLIST_KEY_UILaunchScreen_Generation = NO;
				INFOPLIST_KEY_UILaunchStoryboardName = LaunchScreen;
				INFOPLIST_KEY_UIStatusBarStyle = UIStatusBarStyleDarkContent;
				INFOPLIST_KEY_UISupportedInterfaceOrientations = UIInterfaceOrientationPortrait;
				IPHONEOS_DEPLOYMENT_TARGET = 17.0;
				LD_RUNPATH_SEARCH_PATHS = (
					"$(inherited)",
					"@executable_path/Frameworks",
				);
				MARKETING_VERSION = 1.0;
				PRODUCT_BUNDLE_IDENTIFIER = com.example.answerx;
				PRODUCT_NAME = "$(TARGET_NAME)";
				SDKROOT = iphoneos;
				SUPPORTED_PLATFORMS = "iphoneos iphonesimulator xros xrsimulator";
				SUPPORTS_MACCATALYST = NO;
				SUPPORTS_XR_DESIGNED_FOR_IPHONE_IPAD = NO;
				SWIFT_EMIT_LOC_STRINGS = YES;
				SWIFT_VERSION = 5.0;
				TARGETED_DEVICE_FAMILY = "1,2,7";
			};
			name = Release;
		};
/* End XCBuildConfiguration section */

/* Begin XCConfigurationList section */
		A1B2C3D4E5F6000000000013 /* Build configuration list for PBXProject "answer_x" */ = {
			isa = XCConfigurationList;
			buildConfigurations = (
				A1B2C3D4E5F6000000000015 /* Debug */,
				A1B2C3D4E5F6000000000016 /* Release */,
			);
			defaultConfigurationIsVisible = 0;
			defaultConfigurationName = Release;
		};
		A1B2C3D4E5F6000000000014 /* Build configuration list for PBXNativeTarget "answer_x" */ = {
			isa = XCConfigurationList;
			buildConfigurations = (
				A1B2C3D4E5F6000000000017 /* Debug */,
				A1B2C3D4E5F6000000000018 /* Release */,
			);
			defaultConfigurationIsVisible = 0;
			defaultConfigurationName = Release;
		};
/* End XCConfigurationList section */
	};
	rootObject = A1B2C3D4E5F6000000000001 /* Project object */;
}
